// !$*UTF8*$!
{
	archiveVersion = 1;
	classes = {
	};
	objectVersion = 46;
	objects = {

/* Begin PBXBuildFile section */
		4BB1201B1B1C2FB4001AF946 /* AppDelegate.swift in Sources */ = {isa = PBXBuildFile; fileRef = 4BB1201A1B1C2FB4001AF946 /* AppDelegate.swift */; };
		4BB1201D1B1C2FB4001AF946 /* ViewController.swift in Sources */ = {isa = PBXBuildFile; fileRef = 4BB1201C1B1C2FB4001AF946 /* ViewController.swift */; };
		4BB120201B1C2FB4001AF946 /* Main.storyboard in Resources */ = {isa = PBXBuildFile; fileRef = 4BB1201E1B1C2FB4001AF946 /* Main.storyboard */; };
		4BB120221B1C2FB4001AF946 /* Images.xcassets in Resources */ = {isa = PBXBuildFile; fileRef = 4BB120211B1C2FB4001AF946 /* Images.xcassets */; };
		4BB120251B1C2FB4001AF946 /* LaunchScreen.xib in Resources */ = {isa = PBXBuildFile; fileRef = 4BB120231B1C2FB4001AF946 /* LaunchScreen.xib */; };
		4BB120311B1C2FB4001AF946 /* TwitterAnimationTests.swift in Sources */ = {isa = PBXBuildFile; fileRef = 4BB120301B1C2FB4001AF946 /* TwitterAnimationTests.swift */; };
/* End PBXBuildFile section */

/* Begin PBXContainerItemProxy section */
		4BB1202B1B1C2FB4001AF946 /* PBXContainerItemProxy */ = {
			isa = PBXContainerItemProxy;
			containerPortal = 4BB1200D1B1C2FB3001AF946 /* Project object */;
			proxyType = 1;
			remoteGlobalIDString = 4BB120141B1C2FB3001AF946;
			remoteInfo = TwitterAnimation;
		};
/* End PBXContainerItemProxy section */

/* Begin PBXFileReference section */
		4BB120151B1C2FB3001AF946 /* TwitterAnimation.app */ = {isa = PBXFileReference; explicitFileType = wrapper.application; includeInIndex = 0; path = TwitterAnimation.app; sourceTree = BUILT_PRODUCTS_DIR; };
		4BB120191B1C2FB4001AF946 /* Info.plist */ = {isa = PBXFileReference; lastKnownFileType = text.plist.xml; path = Info.plist; sourceTree = "<group>"; };
		4BB1201A1B1C2FB4001AF946 /* AppDelegate.swift */ = {isa = PBXFileReference; lastKnownFileType = sourcecode.swift; path = AppDelegate.swift; sourceTree = "<group>"; };
		4BB1201C1B1C2FB4001AF946 /* ViewController.swift */ = {isa = PBXFileReference; lastKnownFileType = sourcecode.swift; path = ViewController.swift; sourceTree = "<group>"; };
		4BB1201F1B1C2FB4001AF946 /* Base */ = {isa = PBXFileReference; lastKnownFileType = file.storyboard; name = Base; path = Base.lproj/Main.storyboard; sourceTree = "<group>"; };
		4BB120211B1C2FB4001AF946 /* Images.xcassets */ = {isa = PBXFileReference; lastKnownFileType = folder.assetcatalog; path = Images.xcassets; sourceTree = "<group>"; };
		4BB120241B1C2FB4001AF946 /* Base */ = {isa = PBXFileReference; lastKnownFileType = file.xib; name = Base; path = Base.lproj/LaunchScreen.xib; sourceTree = "<group>"; };
		4BB1202A1B1C2FB4001AF946 /* TwitterAnimationTests.xctest */ = {isa = PBXFileReference; explicitFileType = wrapper.cfbundle; includeInIndex = 0; path = TwitterAnimationTests.xctest; sourceTree = BUILT_PRODUCTS_DIR; };
		4BB1202F1B1C2FB4001AF946 /* Info.plist */ = {isa = PBXFileReference; lastKnownFileType = text.plist.xml; path = Info.plist; sourceTree = "<group>"; };
		4BB120301B1C2FB4001AF946 /* TwitterAnimationTests.swift */ = {isa = PBXFileReference; lastKnownFileType = sourcecode.swift; path = TwitterAnimationTests.swift; sourceTree = "<group>"; };
/* End PBXFileReference section */

/* Begin PBXFrameworksBuildPhase section */
		4BB120121B1C2FB3001AF946 /* Frameworks */ = {
			isa = PBXFrameworksBuildPhase;
			buildActionMask = 2147483647;
			files = (
			);
			runOnlyForDeploymentPostprocessing = 0;
		};
		4BB120271B1C2FB4001AF946 /* Frameworks */ = {
			isa = PBXFrameworksBuildPhase;
			buildActionMask = 2147483647;
			files = (
			);
			runOnlyForDeploymentPostprocessing = 0;
		};
/* End PBXFrameworksBuildPhase section */

/* Begin PBXGroup section */
		4BB1200C1B1C2FB3001AF946 = {
			isa = PBXGroup;
			children = (
				4BB120171B1C2FB3001AF946 /* TwitterAnimation */,
				4BB1202D1B1C2FB4001AF946 /* TwitterAnimationTests */,
				4BB120161B1C2FB3001AF946 /* Products */,
			);
			sourceTree = "<group>";
		};
		4BB120161B1C2FB3001AF946 /* Products */ = {
			isa = PBXGroup;
			children = (
				4BB120151B1C2FB3001AF946 /* TwitterAnimation.app */,
				4BB1202A1B1C2FB4001AF946 /* TwitterAnimationTests.xctest */,
			);
			name = Products;
			sourceTree = "<group>";
		};
		4BB120171B1C2FB3001AF946 /* TwitterAnimation */ = {
			isa = PBXGroup;
			children = (
				4BB1201A1B1C2FB4001AF946 /* AppDelegate.swift */,
				4BB1201C1B1C2FB4001AF946 /* ViewController.swift */,
				4BB1201E1B1C2FB4001AF946 /* Main.storyboard */,
				4BB120211B1C2FB4001AF946 /* Images.xcassets */,
				4BB120231B1C2FB4001AF946 /* LaunchScreen.xib */,
				4BB120181B1C2FB3001AF946 /* Supporting Files */,
			);
			path = TwitterAnimation;
			sourceTree = "<group>";
		};
		4BB120181B1C2FB3001AF946 /* Supporting Files */ = {
			isa = PBXGroup;
			children = (
				4BB120191B1C2FB4001AF946 /* Info.plist */,
			);
			name = "Supporting Files";
			sourceTree = "<group>";
		};
		4BB1202D1B1C2FB4001AF946 /* TwitterAnimationTests */ = {
			isa = PBXGroup;
			children = (
				4BB120301B1C2FB4001AF946 /* TwitterAnimationTests.swift */,
				4BB1202E1B1C2FB4001AF946 /* Supporting Files */,
			);
			path = TwitterAnimationTests;
			sourceTree = "<group>";
		};
		4BB1202E1B1C2FB4001AF946 /* Supporting Files */ = {
			isa = PBXGroup;
			children = (
				4BB1202F1B1C2FB4001AF946 /* Info.plist */,
			);
			name = "Supporting Files";
			sourceTree = "<group>";
		};
/* End PBXGroup section */

/* Begin PBXNativeTarget section */
		4BB120141B1C2FB3001AF946 /* TwitterAnimation */ = {
			isa = PBXNativeTarget;
			buildConfigurationList = 4BB120341B1C2FB4001AF946 /* Build configuration list for PBXNativeTarget "TwitterAnimation" */;
			buildPhases = (
				4BB120111B1C2FB3001AF946 /* Sources */,
				4BB120121B1C2FB3001AF946 /* Frameworks */,
				4BB120131B1C2FB3001AF946 /* Resources */,
			);
			buildRules = (
			);
			dependencies = (
			);
			name = TwitterAnimation;
			productName = TwitterAnimation;
			productReference = 4BB120151B1C2FB3001AF946 /* TwitterAnimation.app */;
			productType = "com.apple.product-type.application";
		};
		4BB120291B1C2FB4001AF946 /* TwitterAnimationTests */ = {
			isa = PBXNativeTarget;
			buildConfigurationList = 4BB120371B1C2FB4001AF946 /* Build configuration list for PBXNativeTarget "TwitterAnimationTests" */;
			buildPhases = (
				4BB120261B1C2FB4001AF946 /* Sources */,
				4BB120271B1C2FB4001AF946 /* Frameworks */,
				4BB120281B1C2FB4001AF946 /* Resources */,
			);
			buildRules = (
			);
			dependencies = (
				4BB1202C1B1C2FB4001AF946 /* PBXTargetDependency */,
			);
			name = TwitterAnimationTests;
			productName = TwitterAnimationTests;
			productReference = 4BB1202A1B1C2FB4001AF946 /* TwitterAnimationTests.xctest */;
			productType = "com.apple.product-type.bundle.unit-test";
		};
/* End PBXNativeTarget section */

/* Begin PBXProject section */
		4BB1200D1B1C2FB3001AF946 /* Project object */ = {
			isa = PBXProject;
			attributes = {
				LastUpgradeCheck = 0630;
				ORGANIZATIONNAME = mac;
				TargetAttributes = {
					4BB120141B1C2FB3001AF946 = {
						CreatedOnToolsVersion = 6.3.2;
					};
					4BB120291B1C2FB4001AF946 = {
						CreatedOnToolsVersion = 6.3.2;
						TestTargetID = 4BB120141B1C2FB3001AF946;
					};
				};
			};
			buildConfigurationList = 4BB120101B1C2FB3001AF946 /* Build configuration list for PBXProject "TwitterAnimation" */;
			compatibilityVersion = "Xcode 3.2";
			developmentRegion = English;
			hasScannedForEncodings = 0;
			knownRegions = (
				en,
				Base,
			);
			mainGroup = 4BB1200C1B1C2FB3001AF946;
			productRefGroup = 4BB120161B1C2FB3001AF946 /* Products */;
			projectDirPath = "";
			projectRoot = "";
			targets = (
				4BB120141B1C2FB3001AF946 /* TwitterAnimation */,
				4BB120291B1C2FB4001AF946 /* TwitterAnimationTests */,
			);
		};
/* End PBXProject section */

/* Begin PBXResourcesBuildPhase section */
		4BB120131B1C2FB3001AF946 /* Resources */ = {
			isa = PBXResourcesBuildPhase;
			buildActionMask = 2147483647;
			files = (
				4BB120201B1C2FB4001AF946 /* Main.storyboard in Resources */,
				4BB120251B1C2FB4001AF946 /* LaunchScreen.xib in Resources */,
				4BB120221B1C2FB4001AF946 /* Images.xcassets in Resources */,
			);
			runOnlyForDeploymentPostprocessing = 0;
		};
		4BB120281B1C2FB4001AF946 /* Resources */ = {
			isa = PBXResourcesBuildPhase;
			buildActionMask = 2147483647;
			files = (
			);
			runOnlyForDeploymentPostprocessing = 0;
		};
/* End PBXResourcesBuildPhase section */

/* Begin PBXSourcesBuildPhase section */
		4BB120111B1C2FB3001AF946 /* Sources */ = {
			isa = PBXSourcesBuildPhase;
			buildActionMask = 2147483647;
			files = (
				4BB1201D1B1C2FB4001AF946 /* ViewController.swift in Sources */,
				4BB1201B1B1C2FB4001AF946 /* AppDelegate.swift in Sources */,
			);
			runOnlyForDeploymentPostprocessing = 0;
		};
		4BB120261B1C2FB4001AF946 /* Sources */ = {
			isa = PBXSourcesBuildPhase;
			buildActionMask = 2147483647;
			files = (
				4BB120311B1C2FB4001AF946 /* TwitterAnimationTests.swift in Sources */,
			);
			runOnlyForDeploymentPostprocessing = 0;
		};
/* End PBXSourcesBuildPhase section */

/* Begin PBXTargetDependency section */
		4BB1202C1B1C2FB4001AF946 /* PBXTargetDependency */ = {
			isa = PBXTargetDependency;
			target = 4BB120141B1C2FB3001AF946 /* TwitterAnimation */;
			targetProxy = 4BB1202B1B1C2FB4001AF946 /* PBXContainerItemProxy */;
		};
/* End PBXTargetDependency section */

/* Begin PBXVariantGroup section */
		4BB1201E1B1C2FB4001AF946 /* Main.storyboard */ = {
			isa = PBXVariantGroup;
			children = (
				4BB1201F1B1C2FB4001AF946 /* Base */,
			);
			name = Main.storyboard;
			sourceTree = "<group>";
		};
		4BB120231B1C2FB4001AF946 /* LaunchScreen.xib */ = {
			isa = PBXVariantGroup;
			children = (
				4BB120241B1C2FB4001AF946 /* Base */,
			);
			name = LaunchScreen.xib;
			sourceTree = "<group>";
		};
/* End PBXVariantGroup section */

/* Begin XCBuildConfiguration section */
		4BB120321B1C2FB4001AF946 /* Debug */ = {
			isa = XCBuildConfiguration;
			buildSettings = {
				ALWAYS_SEARCH_USER_PATHS = NO;
				CLANG_CXX_LANGUAGE_STANDARD = "gnu++0x";
				CLANG_CXX_LIBRARY = "libc++";
				CLANG_ENABLE_MODULES = YES;
				CLANG_ENABLE_OBJC_ARC = YES;
				CLANG_WARN_BOOL_CONVERSION = YES;
				CLANG_WARN_CONSTANT_CONVERSION = YES;
				CLANG_WARN_DIRECT_OBJC_ISA_USAGE = YES_ERROR;
				CLANG_WARN_EMPTY_BODY = YES;
				CLANG_WARN_ENUM_CONVERSION = YES;
				CLANG_WARN_INT_CONVERSION = YES;
				CLANG_WARN_OBJC_ROOT_CLASS = YES_ERROR;
				CLANG_WARN_UNREACHABLE_CODE = YES;
				CLANG_WARN__DUPLICATE_METHOD_MATCH = YES;
				"CODE_SIGN_IDENTITY[sdk=iphoneos*]" = "iPhone Developer";
				COPY_PHASE_STRIP = NO;
				DEBUG_INFORMATION_FORMAT = "dwarf-with-dsym";
				ENABLE_STRICT_OBJC_MSGSEND = YES;
				GCC_C_LANGUAGE_STANDARD = gnu99;
				GCC_DYNAMIC_NO_PIC = NO;
				GCC_NO_COMMON_BLOCKS = YES;
				GCC_OPTIMIZATION_LEVEL = 0;
				GCC_PREPROCESSOR_DEFINITIONS = (
					"DEBUG=1",
					"$(inherited)",
				);
				GCC_SYMBOLS_PRIVATE_EXTERN = NO;
				GCC_WARN_64_TO_32_BIT_CONVERSION = YES;
				GCC_WARN_ABOUT_RETURN_TYPE = YES_ERROR;
				GCC_WARN_UNDECLARED_SELECTOR = YES;
				GCC_WARN_UNINITIALIZED_AUTOS = YES_AGGRESSIVE;
				GCC_WARN_UNUSED_FUNCTION = YES;
				GCC_WARN_UNUSED_VARIABLE = YES;
				IPHONEOS_DEPLOYMENT_TARGET = 8.3;
				MTL_ENABLE_DEBUG_INFO = YES;
				ONLY_ACTIVE_ARCH = YES;
				SDKROOT = iphoneos;
				SWIFT_OPTIMIZATION_LEVEL = "-Onone";
				TARGETED_DEVICE_FAMILY = "1,2";
			};
			name = Debug;
		};
		4BB120331B1C2FB4001AF946 /* Release */ = {
			isa = XCBuildConfiguration;
			buildSettings = {
				ALWAYS_SEARCH_USER_PATHS = NO;
				CLANG_CXX_LANGUAGE_STANDARD = "gnu++0x";
				CLANG_CXX_LIBRARY = "libc++";
				CLANG_ENABLE_MODULES = YES;
				CLANG_ENABLE_OBJC_ARC = YES;
				CLANG_WARN_BOOL_CONVERSION = YES;
				CLANG_WARN_CONSTANT_CONVERSION = YES;
				CLANG_WARN_DIRECT_OBJC_ISA_USAGE = YES_ERROR;
				CLANG_WARN_EMPTY_BODY = YES;
				CLANG_WARN_ENUM_CONVERSION = YES;
				CLANG_WARN_INT_CONVERSION = YES;
				CLANG_WARN_OBJC_ROOT_CLASS = YES_ERROR;
				CLANG_WARN_UNREACHABLE_CODE = YES;
				CLANG_WARN__DUPLICATE_METHOD_MATCH = YES;
				"CODE_SIGN_IDENTITY[sdk=iphoneos*]" = "iPhone Developer";
				COPY_PHASE_STRIP = NO;
				DEBUG_INFORMATION_FORMAT = "dwarf-with-dsym";
				ENABLE_NS_ASSERTIONS = NO;
				ENABLE_STRICT_OBJC_MSGSEND = YES;
				GCC_C_LANGUAGE_STANDARD = gnu99;
				GCC_NO_COMMON_BLOCKS = YES;
				GCC_WARN_64_TO_32_BIT_CONVERSION = YES;
				GCC_WARN_ABOUT_RETURN_TYPE = YES_ERROR;
				GCC_WARN_UNDECLARED_SELECTOR = YES;
				GCC_WARN_UNINITIALIZED_AUTOS = YES_AGGRESSIVE;
				GCC_WARN_UNUSED_FUNCTION = YES;
				GCC_WARN_UNUSED_VARIABLE = YES;
				IPHONEOS_DEPLOYMENT_TARGET = 8.3;
				MTL_ENABLE_DEBUG_INFO = NO;
				SDKROOT = iphoneos;
				TARGETED_DEVICE_FAMILY = "1,2";
				VALIDATE_PRODUCT = YES;
			};
			name = Release;
		};
		4BB120351B1C2FB4001AF946 /* Debug */ = {
			isa = XCBuildConfiguration;
			buildSettings = {
				ASSETCATALOG_COMPILER_APPICON_NAME = AppIcon;
				INFOPLIST_FILE = TwitterAnimation/Info.plist;
				LD_RUNPATH_SEARCH_PATHS = "$(inherited) @executable_path/Frameworks";
				PRODUCT_NAME = "$(TARGET_NAME)";
			};
			name = Debug;
		};
		4BB120361B1C2FB4001AF946 /* Release */ = {
			isa = XCBuildConfiguration;
			buildSettings = {
				ASSETCATALOG_COMPILER_APPICON_NAME = AppIcon;
				INFOPLIST_FILE = TwitterAnimation/Info.plist;
				LD_RUNPATH_SEARCH_PATHS = "$(inherited) @executable_path/Frameworks";
				PRODUCT_NAME = "$(TARGET_NAME)";
			};
			name = Release;
		};
		4BB120381B1C2FB4001AF946 /* Debug */ = {
			isa = XCBuildConfiguration;
			buildSettings = {
				BUNDLE_LOADER = "$(TEST_HOST)";
				FRAMEWORK_SEARCH_PATHS = (
					"$(SDKROOT)/Developer/Library/Frameworks",
					"$(inherited)",
				);
				GCC_PREPROCESSOR_DEFINITIONS = (
					"DEBUG=1",
					"$(inherited)",
				);
				INFOPLIST_FILE = TwitterAnimationTests/Info.plist;
				LD_RUNPATH_SEARCH_PATHS = "$(inherited) @executable_path/Frameworks @loader_path/Frameworks";
				PRODUCT_NAME = "$(TARGET_NAME)";
				TEST_HOST = "$(BUILT_PRODUCTS_DIR)/TwitterAnimation.app/TwitterAnimation";
			};
			name = Debug;
		};
		4BB120391B1C2FB4001AF946 /* Release */ = {
			isa = XCBuildConfiguration;
			buildSettings = {
				BUNDLE_LOADER = "$(TEST_HOST)";
				FRAMEWORK_SEARCH_PATHS = (
					"$(SDKROOT)/Developer/Library/Frameworks",
					"$(inherited)",
				);
				INFOPLIST_FILE = TwitterAnimationTests/Info.plist;
				LD_RUNPATH_SEARCH_PATHS = "$(inherited) @executable_path/Frameworks @loader_path/Frameworks";
				PRODUCT_NAME = "$(TARGET_NAME)";
				TEST_HOST = "$(BUILT_PRODUCTS_DIR)/TwitterAnimation.app/TwitterAnimation";
			};
			name = Release;
		};
/* End XCBuildConfiguration section */

/* Begin XCConfigurationList section */
		4BB120101B1C2FB3001AF946 /* Build configuration list for PBXProject "TwitterAnimation" */ = {
			isa = XCConfigurationList;
			buildConfigurations = (
				4BB120321B1C2FB4001AF946 /* Debug */,
				4BB120331B1C2FB4001AF946 /* Release */,
			);
			defaultConfigurationIsVisible = 0;
			defaultConfigurationName = Release;
		};
		4BB120341B1C2FB4001AF946 /* Build configuration list for PBXNativeTarget "TwitterAnimation" */ = {
			isa = XCConfigurationList;
			buildConfigurations = (
				4BB120351B1C2FB4001AF946 /* Debug */,
				4BB120361B1C2FB4001AF946 /* Release */,
			);
			defaultConfigurationIsVisible = 0;
		};
		4BB120371B1C2FB4001AF946 /* Build configuration list for PBXNativeTarget "TwitterAnimationTests" */ = {
			isa = XCConfigurationList;
			buildConfigurations = (
				4BB120381B1C2FB4001AF946 /* Debug */,
				4BB120391B1C2FB4001AF946 /* Release */,
			);
			defaultConfigurationIsVisible = 0;
		};
/* End XCConfigurationList section */
	};
	rootObject = 4BB1200D1B1C2FB3001AF946 /* Project object */;
}
